
Microsoft Visual Studio Solution File, Format Version 12.00
# Visual Studio Version 17
VisualStudioVersion = 17.9.34714.143
MinimumVisualStudioVersion = 10.0.40219.1
Project("{9A19103F-16F7-4668-BE54-9A1E7A4F7556}") = "MagicVilla_VillaAPI", "MagicVilla_VillaAPI\MagicVilla_VillaAPI.csproj", "{5296E7F2-CFAC-4A9D-B31E-0CF9FA921C4C}"
EndProject
Project("{FAE04EC0-301F-11D3-BF4B-00C04F79EFBC}") = "MagicVilla_Web", "MagicVilla_Web\MagicVilla_Web.csproj", "{AC838AC3-7275-4141-BB78-12BFFC4C42CE}"
EndProject
Project("{FAE04EC0-301F-11D3-BF4B-00C04F79EFBC}") = "MagicVilla_Utility", "MagicVilla_Utility\MagicVilla_Utility.csproj", "{1EF4A399-B6B8-4A69-96EF-6AD7201F3AB3}"
EndProject
Global
	GlobalSection(SolutionConfigurationPlatforms) = preSolution
		Debug|Any CPU = Debug|Any CPU
		Release|Any CPU = Release|Any CPU
	EndGlobalSection
	GlobalSection(ProjectConfigurationPlatforms) = postSolution
		{5296E7F2-CFAC-4A9D-B31E-0CF9FA921C4C}.Debug|Any CPU.ActiveCfg = Debug|Any CPU
		{5296E7F2-CFAC-4A9D-B31E-0CF9FA921C4C}.Debug|Any CPU.Build.0 = Debug|Any CPU
		{5296E7F2-CFAC-4A9D-B31E-0CF9FA921C4C}.Release|Any CPU.ActiveCfg = Release|Any CPU
		{5296E7F2-CFAC-4A9D-B31E-0CF9FA921C4C}.Release|Any CPU.Build.0 = Release|Any CPU
		{AC838AC3-7275-4141-BB78-12BFFC4C42CE}.Debug|Any CPU.ActiveCfg = Debug|Any CPU
		{AC838AC3-7275-4141-BB78-12BFFC4C42CE}.Debug|Any CPU.Build.0 = Debug|Any CPU
		{AC838AC3-7275-4141-BB78-12BFFC4C42CE}.Release|Any CPU.ActiveCfg = Release|Any CPU
		{AC838AC3-7275-4141-BB78-12BFFC4C42CE}.Release|Any CPU.Build.0 = Release|Any CPU
		{1EF4A399-B6B8-4A69-96EF-6AD7201F3AB3}.Debug|Any CPU.ActiveCfg = Debug|Any CPU
		{1EF4A399-B6B8-4A69-96EF-6AD7201F3AB3}.Debug|Any CPU.Build.0 = Debug|Any CPU
		{1EF4A399-B6B8-4A69-96EF-6AD7201F3AB3}.Release|Any CPU.ActiveCfg = Release|Any CPU
		{1EF4A399-B6B8-4A69-96EF-6AD7201F3AB3}.Release|Any CPU.Build.0 = Release|Any CPU
	EndGlobalSection
	GlobalSection(SolutionProperties) = preSolution
		HideSolutionNode = FALSE
	EndGlobalSection
	GlobalSection(ExtensibilityGlobals) = postSolution
		SolutionGuid = {9B229508-72F1-4C9D-A92E-5AE5ACEC6CBB}
	EndGlobalSection
EndGlobal
